%{
  "jason": {:hex, :jason, "1.2.1", "12b22825e22f468c02eb3e4b9985f3d0cb8dc40b9bd704730efa11abd2708c44", [:mix], [{:decimal, "~> 1.0", [hex: :decimal, repo: "hexpm", optional: true]}], "hexpm", "b659b8571deedf60f79c5a608e15414085fa141344e2716fbd6988a084b5f993"},
  "nimble_parsec": {:hex, :nimble_parsec, "0.5.3", "def21c10a9ed70ce22754fdeea0810dafd53c2db3219a0cd54cf5526377af1c6", [:mix], [], "hexpm", "589b5af56f4afca65217a1f3eb3fee7e79b09c40c742fddc1c312b3ac0b3399f"},
  "ok": {:hex, :ok, "2.3.0", "0a3d513ec9038504dc5359d44e14fc14ef59179e625563a1a144199cdc3a6d30", [:mix], [], "hexpm", "f0347b3f8f115bf347c704184b33cf084f2943771273f2b98a3707a5fa43c4d5"},
}
